
Microsoft Visual Studio Solution File, Format Version 12.00
# Visual Studio Version 17
VisualStudioVersion = 17.10.34916.146
MinimumVisualStudioVersion = 10.0.40219.1
Project("{FAE04EC0-301F-11D3-BF4B-00C04F79EFBC}") = "PrincipiosBasicosPOO", "PrincipiosBasicosPOO.csproj", "{F540A9C9-5D92-4583-A375-8B865782EB1E}"
EndProject
Global
	GlobalSection(SolutionConfigurationPlatforms) = preSolution
		Debug|Any CPU = Debug|Any CPU
		Release|Any CPU = Release|Any CPU
	EndGlobalSection
	GlobalSection(ProjectConfigurationPlatforms) = postSolution
		{F540A9C9-5D92-4583-A375-8B865782EB1E}.Debug|Any CPU.ActiveCfg = Debug|Any CPU
		{F540A9C9-5D92-4583-A375-8B865782EB1E}.Debug|Any CPU.Build.0 = Debug|Any CPU
		{F540A9C9-5D92-4583-A375-8B865782EB1E}.Release|Any CPU.ActiveCfg = Release|Any CPU
		{F540A9C9-5D92-4583-A375-8B865782EB1E}.Release|Any CPU.Build.0 = Release|Any CPU
	EndGlobalSection
	GlobalSection(SolutionProperties) = preSolution
		HideSolutionNode = FALSE
	EndGlobalSection
	GlobalSection(ExtensibilityGlobals) = postSolution
		SolutionGuid = {D00CBB8A-3185-4159-B778-80366486033C}
	EndGlobalSection
EndGlobal
